
Microsoft Visual Studio Solution File, Format Version 12.00
# Visual Studio Version 16
VisualStudioVersion = 16.0.29728.190
MinimumVisualStudioVersion = 10.0.40219.1
Project("{FAE04EC0-301F-11D3-BF4B-00C04F79EFBC}") = "StringsTutorialProject", "StringsTutorialProject\StringsTutorialProject.csproj", "{40B46467-169F-4BDD-A6DB-D0D764455578}"
EndProject
Global
	GlobalSection(SolutionConfigurationPlatforms) = preSolution
		Debug|Any CPU = Debug|Any CPU
		Release|Any CPU = Release|Any CPU
	EndGlobalSection
	GlobalSection(ProjectConfigurationPlatforms) = postSolution
		{40B46467-169F-4BDD-A6DB-D0D764455578}.Debug|Any CPU.ActiveCfg = Debug|Any CPU
		{40B46467-169F-4BDD-A6DB-D0D764455578}.Debug|Any CPU.Build.0 = Debug|Any CPU
		{40B46467-169F-4BDD-A6DB-D0D764455578}.Release|Any CPU.ActiveCfg = Release|Any CPU
		{40B46467-169F-4BDD-A6DB-D0D764455578}.Release|Any CPU.Build.0 = Release|Any CPU
	EndGlobalSection
	GlobalSection(SolutionProperties) = preSolution
		HideSolutionNode = FALSE
	EndGlobalSection
	GlobalSection(ExtensibilityGlobals) = postSolution
		SolutionGuid = {88F0A577-1543-4E74-B5FF-965510CD30D1}
	EndGlobalSection
EndGlobal
